
Microsoft Visual Studio Solution File, Format Version 12.00
# Visual Studio Version 17
VisualStudioVersion = 17.6.33723.286
MinimumVisualStudioVersion = 10.0.40219.1
Project("{8BC9CEB8-8B4A-11D0-8D11-00A0C91BC942}") = "oxygen pdb", "oxygen pdb\oxygen pdb.vcxproj", "{78252030-4382-4D2B-8313-74AEFFFD1E82}"
EndProject
Project("{8BC9CEB8-8B4A-11D0-8D11-00A0C91BC942}") = "drv test", "drv test\drv test.vcxproj", "{B257A8DC-683B-461D-AA3F-235181CDDF94}"
EndProject
Global
	GlobalSection(SolutionConfigurationPlatforms) = preSolution
		Debug|ARM64 = Debug|ARM64
		Debug|x64 = Debug|x64
		Release|ARM64 = Release|ARM64
		Release|x64 = Release|x64
	EndGlobalSection
	GlobalSection(ProjectConfigurationPlatforms) = postSolution
		{78252030-4382-4D2B-8313-74AEFFFD1E82}.Debug|ARM64.ActiveCfg = Debug|ARM64
		{78252030-4382-4D2B-8313-74AEFFFD1E82}.Debug|ARM64.Build.0 = Debug|ARM64
		{78252030-4382-4D2B-8313-74AEFFFD1E82}.Debug|ARM64.Deploy.0 = Debug|ARM64
		{78252030-4382-4D2B-8313-74AEFFFD1E82}.Debug|x64.ActiveCfg = Debug|x64
		{78252030-4382-4D2B-8313-74AEFFFD1E82}.Debug|x64.Build.0 = Debug|x64
		{78252030-4382-4D2B-8313-74AEFFFD1E82}.Debug|x64.Deploy.0 = Debug|x64
		{78252030-4382-4D2B-8313-74AEFFFD1E82}.Release|ARM64.ActiveCfg = Release|ARM64
		{78252030-4382-4D2B-8313-74AEFFFD1E82}.Release|ARM64.Build.0 = Release|ARM64
		{78252030-4382-4D2B-8313-74AEFFFD1E82}.Release|ARM64.Deploy.0 = Release|ARM64
		{78252030-4382-4D2B-8313-74AEFFFD1E82}.Release|x64.ActiveCfg = Release|x64
		{78252030-4382-4D2B-8313-74AEFFFD1E82}.Release|x64.Build.0 = Release|x64
		{78252030-4382-4D2B-8313-74AEFFFD1E82}.Release|x64.Deploy.0 = Release|x64
		{B257A8DC-683B-461D-AA3F-235181CDDF94}.Debug|ARM64.ActiveCfg = Debug|ARM64
		{B257A8DC-683B-461D-AA3F-235181CDDF94}.Debug|ARM64.Build.0 = Debug|ARM64
		{B257A8DC-683B-461D-AA3F-235181CDDF94}.Debug|ARM64.Deploy.0 = Debug|ARM64
		{B257A8DC-683B-461D-AA3F-235181CDDF94}.Debug|x64.ActiveCfg = Debug|x64
		{B257A8DC-683B-461D-AA3F-235181CDDF94}.Debug|x64.Build.0 = Debug|x64
		{B257A8DC-683B-461D-AA3F-235181CDDF94}.Debug|x64.Deploy.0 = Debug|x64
		{B257A8DC-683B-461D-AA3F-235181CDDF94}.Release|ARM64.ActiveCfg = Release|ARM64
		{B257A8DC-683B-461D-AA3F-235181CDDF94}.Release|ARM64.Build.0 = Release|ARM64
		{B257A8DC-683B-461D-AA3F-235181CDDF94}.Release|ARM64.Deploy.0 = Release|ARM64
		{B257A8DC-683B-461D-AA3F-235181CDDF94}.Release|x64.ActiveCfg = Release|x64
		{B257A8DC-683B-461D-AA3F-235181CDDF94}.Release|x64.Build.0 = Release|x64
		{B257A8DC-683B-461D-AA3F-235181CDDF94}.Release|x64.Deploy.0 = Release|x64
	EndGlobalSection
	GlobalSection(SolutionProperties) = preSolution
		HideSolutionNode = FALSE
	EndGlobalSection
	GlobalSection(ExtensibilityGlobals) = postSolution
		SolutionGuid = {FED5BB79-94E0-4EED-A43F-F0438637A4F7}
	EndGlobalSection
EndGlobal
