<?xml version="1.0" encoding="utf-8"?>
<Project ToolsVersion="4.0" xmlns="http://schemas.microsoft.com/developer/msbuild/2003">
  <ItemGroup>
    <Filter Include="Source Files">
      <UniqueIdentifier>{4FC737F1-C7A5-4376-A066-2A32D752A2FF}</UniqueIdentifier>
      <Extensions>cpp;c;cc;cxx;def;odl;idl;hpj;bat;asm;asmx</Extensions>
    </Filter>
    <Filter Include="Header Files">
      <UniqueIdentifier>{93995380-89BD-4b04-88EB-625FBE52EBFB}</UniqueIdentifier>
      <Extensions>h;hpp;hxx;hm;inl;inc;xsd</Extensions>
    </Filter>
  </ItemGroup>
  <ItemGroup>
    <ClCompile Include="include\ksocket\berkeley.c">
      <Filter>Source Files</Filter>
    </ClCompile>
    <ClCompile Include="include\ksocket\ksocket.c">
      <Filter>Source Files</Filter>
    </ClCompile>
    <ClCompile Include="include\ksocket\sockets.cpp">
      <Filter>Source Files</Filter>
    </ClCompile>
    <ClCompile Include="include\kstl\alloc.cpp">
      <Filter>Source Files</Filter>
    </ClCompile>
    <ClCompile Include="include\kstl\msvcfill.cpp">
      <Filter>Source Files</Filter>
    </ClCompile>
    <ClCompile Include="src\moduler.cpp">
      <Filter>Source Files</Filter>
    </ClCompile>
    <ClCompile Include="src\Pdber.cpp">
      <Filter>Source Files</Filter>
    </ClCompile>
    <ClCompile Include="src\viewer.cpp">
      <Filter>Source Files</Filter>
    </ClCompile>
    <ClCompile Include="src\air14\StructExtractor.cpp">
      <Filter>Source Files</Filter>
    </ClCompile>
    <ClCompile Include="src\air14\SymbolExtractor.cpp">
      <Filter>Source Files</Filter>
    </ClCompile>
    <ClCompile Include="src\air14\MsfReader.cpp">
      <Filter>Source Files</Filter>
    </ClCompile>
    <ClCompile Include="src\air14\FileStream.cpp">
      <Filter>Source Files</Filter>
    </ClCompile>
    <ClCompile Include="src\air14\StreamReader.cpp">
      <Filter>Source Files</Filter>
    </ClCompile>
    <ClCompile Include="src\air14\ScopedHandle.cpp">
      <Filter>Source Files</Filter>
    </ClCompile>
  </ItemGroup>
  <ItemGroup>
    <ClInclude Include="include\ksocket\berkeley.h">
      <Filter>Header Files</Filter>
    </ClInclude>
    <ClInclude Include="include\ksocket\ksocket.h">
      <Filter>Header Files</Filter>
    </ClInclude>
    <ClInclude Include="include\ksocket\sockets.h">
      <Filter>Header Files</Filter>
    </ClInclude>
    <ClInclude Include="include\kstl\alloc.h">
      <Filter>Header Files</Filter>
    </ClInclude>
    <ClInclude Include="include\kstl\allocator.h">
      <Filter>Header Files</Filter>
    </ClInclude>
    <ClInclude Include="include\kstl\jxy_allocator.h">
      <Filter>Header Files</Filter>
    </ClInclude>
    <ClInclude Include="include\kstl\map.h">
      <Filter>Header Files</Filter>
    </ClInclude>
    <ClInclude Include="include\kstl\memory.h">
      <Filter>Header Files</Filter>
    </ClInclude>
    <ClInclude Include="include\kstl\vector.h">
      <Filter>Header Files</Filter>
    </ClInclude>
    <ClInclude Include="include\log.h">
      <Filter>Header Files</Filter>
    </ClInclude>
    <ClInclude Include="include\kstl\string.h">
      <Filter>Header Files</Filter>
    </ClInclude>
    <ClInclude Include="src\moduler.hpp">
      <Filter>Header Files</Filter>
    </ClInclude>
    <ClInclude Include="src\Pdber.hpp">
      <Filter>Header Files</Filter>
    </ClInclude>
    <ClInclude Include="src\viewer.hpp">
      <Filter>Header Files</Filter>
    </ClInclude>
    <ClInclude Include="src\air14\StructExtractor.h">
      <Filter>Header Files</Filter>
    </ClInclude>
    <ClInclude Include="src\air14\SymbolExtractor.h">
      <Filter>Header Files</Filter>
    </ClInclude>
    <ClInclude Include="src\air14\MsfReader.h">
      <Filter>Header Files</Filter>
    </ClInclude>
    <ClInclude Include="src\air14\PdbStructs.h">
      <Filter>Header Files</Filter>
    </ClInclude>
    <ClInclude Include="src\air14\FileStream.h">
      <Filter>Header Files</Filter>
    </ClInclude>
    <ClInclude Include="src\air14\StreamReader.h">
      <Filter>Header Files</Filter>
    </ClInclude>
    <ClInclude Include="src\air14\ScopedHandle.h">
      <Filter>Header Files</Filter>
    </ClInclude>
    <ClInclude Include="src\air14\ModuleData.h">
      <Filter>Header Files</Filter>
    </ClInclude>
  </ItemGroup>
</Project>